
Microsoft Visual Studio Solution File, Format Version 12.00
# Visual Studio Version 17
VisualStudioVersion = 17.2.32526.322
MinimumVisualStudioVersion = 10.0.40219.1
Project("{2150E333-8FDC-42A3-9474-1A3956D46DE8}") = "src", "src", "{2840E570-60CB-4BDB-BA7A-4D5D8F5F80AC}"
EndProject
Project("{2150E333-8FDC-42A3-9474-1A3956D46DE8}") = "tests", "tests", "{4230C7ED-4309-475C-AC70-24B3F5F77DE4}"
EndProject
Project("{FAE04EC0-301F-11D3-BF4B-00C04F79EFBC}") = "DotNetMP.SharedKernel", "DotNetMP.SharedKernel\DotNetMP.SharedKernel.csproj", "{F42B0064-9C8B-4B11-8937-7A0E0DEE52F6}"
EndProject
Global
	GlobalSection(SolutionConfigurationPlatforms) = preSolution
		Debug|Any CPU = Debug|Any CPU
		Release|Any CPU = Release|Any CPU
	EndGlobalSection
	GlobalSection(ProjectConfigurationPlatforms) = postSolution
		{F42B0064-9C8B-4B11-8937-7A0E0DEE52F6}.Debug|Any CPU.ActiveCfg = Debug|Any CPU
		{F42B0064-9C8B-4B11-8937-7A0E0DEE52F6}.Debug|Any CPU.Build.0 = Debug|Any CPU
		{F42B0064-9C8B-4B11-8937-7A0E0DEE52F6}.Release|Any CPU.ActiveCfg = Release|Any CPU
		{F42B0064-9C8B-4B11-8937-7A0E0DEE52F6}.Release|Any CPU.Build.0 = Release|Any CPU
	EndGlobalSection
	GlobalSection(SolutionProperties) = preSolution
		HideSolutionNode = FALSE
	EndGlobalSection
	GlobalSection(NestedProjects) = preSolution
		{F42B0064-9C8B-4B11-8937-7A0E0DEE52F6} = {2840E570-60CB-4BDB-BA7A-4D5D8F5F80AC}
	EndGlobalSection
	GlobalSection(ExtensibilityGlobals) = postSolution
		SolutionGuid = {CBF255EA-855E-4577-A7D1-DAB763CA4846}
	EndGlobalSection
EndGlobal
